
Microsoft Visual Studio Solution File, Format Version 12.00
# Visual Studio Version 16
VisualStudioVersion = 16.0.31702.278
MinimumVisualStudioVersion = 10.0.40219.1
Project("{FAE04EC0-301F-11D3-BF4B-00C04F79EFBC}") = "AplikasiLatihan3", "AplikasiLatihan3.csproj", "{B0FE7253-9AAB-47F7-893A-AC407D81DE9C}"
EndProject
Global
	GlobalSection(SolutionConfigurationPlatforms) = preSolution
		Debug|Any CPU = Debug|Any CPU
		Release|Any CPU = Release|Any CPU
	EndGlobalSection
	GlobalSection(ProjectConfigurationPlatforms) = postSolution
		{B0FE7253-9AAB-47F7-893A-AC407D81DE9C}.Debug|Any CPU.ActiveCfg = Debug|Any CPU
		{B0FE7253-9AAB-47F7-893A-AC407D81DE9C}.Debug|Any CPU.Build.0 = Debug|Any CPU
		{B0FE7253-9AAB-47F7-893A-AC407D81DE9C}.Release|Any CPU.ActiveCfg = Release|Any CPU
		{B0FE7253-9AAB-47F7-893A-AC407D81DE9C}.Release|Any CPU.Build.0 = Release|Any CPU
	EndGlobalSection
	GlobalSection(SolutionProperties) = preSolution
		HideSolutionNode = FALSE
	EndGlobalSection
	GlobalSection(ExtensibilityGlobals) = postSolution
		SolutionGuid = {5232099C-F4EE-46E8-9BE9-9839C4C3D2A2}
	EndGlobalSection
EndGlobal
